
Microsoft Visual Studio Solution File, Format Version 12.00
# Visual Studio 14
VisualStudioVersion = 14.0.25420.1
MinimumVisualStudioVersion = 10.0.40219.1
Project("{FAE04EC0-301F-11D3-BF4B-00C04F79EFBC}") = "Protocol", "Protocol\Protocol.csproj", "{E67C8532-9094-49CE-8E16-3B82BAA7A616}"
EndProject
Project("{FAE04EC0-301F-11D3-BF4B-00C04F79EFBC}") = "Client", "Client\Client.csproj", "{A3E4424F-1E45-4AA3-8CB3-6A94298EB7EC}"
EndProject
Project("{FAE04EC0-301F-11D3-BF4B-00C04F79EFBC}") = "Server", "Server\Server.csproj", "{B1C97880-BFE6-4643-A319-FE7EBA6B4004}"
EndProject
Project("{FAE04EC0-301F-11D3-BF4B-00C04F79EFBC}") = "Proxy", "Proxy\Proxy.csproj", "{78A29BA6-0482-4253-9250-533A77155C0F}"
EndProject
Global
	GlobalSection(SolutionConfigurationPlatforms) = preSolution
		Debug|Any CPU = Debug|Any CPU
		Release|Any CPU = Release|Any CPU
	EndGlobalSection
	GlobalSection(ProjectConfigurationPlatforms) = postSolution
		{E67C8532-9094-49CE-8E16-3B82BAA7A616}.Debug|Any CPU.ActiveCfg = Debug|Any CPU
		{E67C8532-9094-49CE-8E16-3B82BAA7A616}.Debug|Any CPU.Build.0 = Debug|Any CPU
		{E67C8532-9094-49CE-8E16-3B82BAA7A616}.Release|Any CPU.ActiveCfg = Release|Any CPU
		{E67C8532-9094-49CE-8E16-3B82BAA7A616}.Release|Any CPU.Build.0 = Release|Any CPU
		{A3E4424F-1E45-4AA3-8CB3-6A94298EB7EC}.Debug|Any CPU.ActiveCfg = Debug|Any CPU
		{A3E4424F-1E45-4AA3-8CB3-6A94298EB7EC}.Debug|Any CPU.Build.0 = Debug|Any CPU
		{A3E4424F-1E45-4AA3-8CB3-6A94298EB7EC}.Release|Any CPU.ActiveCfg = Release|Any CPU
		{A3E4424F-1E45-4AA3-8CB3-6A94298EB7EC}.Release|Any CPU.Build.0 = Release|Any CPU
		{B1C97880-BFE6-4643-A319-FE7EBA6B4004}.Debug|Any CPU.ActiveCfg = Debug|Any CPU
		{B1C97880-BFE6-4643-A319-FE7EBA6B4004}.Debug|Any CPU.Build.0 = Debug|Any CPU
		{B1C97880-BFE6-4643-A319-FE7EBA6B4004}.Release|Any CPU.ActiveCfg = Release|Any CPU
		{B1C97880-BFE6-4643-A319-FE7EBA6B4004}.Release|Any CPU.Build.0 = Release|Any CPU
		{78A29BA6-0482-4253-9250-533A77155C0F}.Debug|Any CPU.ActiveCfg = Debug|Any CPU
		{78A29BA6-0482-4253-9250-533A77155C0F}.Debug|Any CPU.Build.0 = Debug|Any CPU
		{78A29BA6-0482-4253-9250-533A77155C0F}.Release|Any CPU.ActiveCfg = Release|Any CPU
		{78A29BA6-0482-4253-9250-533A77155C0F}.Release|Any CPU.Build.0 = Release|Any CPU
	EndGlobalSection
	GlobalSection(SolutionProperties) = preSolution
		HideSolutionNode = FALSE
	EndGlobalSection
EndGlobal
